
Microsoft Visual Studio Solution File, Format Version 12.00
# Visual Studio Version 16
VisualStudioVersion = 16.0.31911.196
MinimumVisualStudioVersion = 10.0.40219.1
Project("{2150E333-8FDC-42A3-9474-1A3956D46DE8}") = "IMS", "IMS", "{94B924DD-FD30-49F7-A901-1D6D195B7E3F}"
	ProjectSection(SolutionItems) = preProject
		.gitmodules = .gitmodules
		imsConf.json = imsConf.json
		README.md = README.md
	EndProjectSection
EndProject
Project("{2150E333-8FDC-42A3-9474-1A3956D46DE8}") = "CR", "CR", "{145C775C-447B-40DB-A952-A55AAAB04B26}"
	ProjectSection(SolutionItems) = preProject
		CR\.gitmodules = CR\.gitmodules
		CR\README.md = CR\README.md
	EndProjectSection
EndProject
Project("{2150E333-8FDC-42A3-9474-1A3956D46DE8}") = "CS", "CS", "{D039955F-B916-4CD6-94CF-0F366B52E067}"
EndProject
Project("{2150E333-8FDC-42A3-9474-1A3956D46DE8}") = "P", "P", "{2BC81240-4E14-4CFD-B496-92D40A42C00D}"
EndProject
Project("{2150E333-8FDC-42A3-9474-1A3956D46DE8}") = "ccACU", "ccACU", "{541DCF22-2539-442D-B601-7BBC9670D3E5}"
EndProject
Project("{2150E333-8FDC-42A3-9474-1A3956D46DE8}") = "ccACU_Tests", "ccACU_Tests", "{4035C630-AFFB-4FEF-9ED1-E0E38E9FEDBD}"
EndProject
Project("{2150E333-8FDC-42A3-9474-1A3956D46DE8}") = "ccNOos", "ccNOos", "{4B7D5F14-C3E9-46D6-BE61-2C569B3D8147}"
EndProject
Project("{2150E333-8FDC-42A3-9474-1A3956D46DE8}") = "ccNOos_Tests", "ccNOos_Tests", "{C9740439-DCCD-4A9F-BE37-7D30B6CA7E22}"
EndProject
Project("{2150E333-8FDC-42A3-9474-1A3956D46DE8}") = "ccOS", "ccOS", "{07B11C98-D659-4717-8D05-B53D0DE8D63E}"
EndProject
Project("{2150E333-8FDC-42A3-9474-1A3956D46DE8}") = "ccOS_Tests", "ccOS_Tests", "{6B0862B5-F3D8-4B22-ACEC-285B2DC87445}"
EndProject
Project("{2150E333-8FDC-42A3-9474-1A3956D46DE8}") = "TS4900ACU", "TS4900ACU", "{0346874D-135B-42FE-8E2E-2935D07F0963}"
EndProject
Project("{2150E333-8FDC-42A3-9474-1A3956D46DE8}") = "RECONACU", "RECONACU", "{383D13DB-183C-4469-9D73-41CF6628F9C5}"
EndProject
Project("{2150E333-8FDC-42A3-9474-1A3956D46DE8}") = "TALONACU", "TALONACU", "{22FF2499-E5A5-46BC-8838-D35CCC85B9B3}"
EndProject
Project("{2150E333-8FDC-42A3-9474-1A3956D46DE8}") = "ccACU", "ccACU", "{1C87CB19-228B-4328-B985-41C7A451F7F6}"
EndProject
Project("{2150E333-8FDC-42A3-9474-1A3956D46DE8}") = "TS4900ACU", "TS4900ACU", "{C0AEC147-8851-4174-ADF7-F2FA0CD7130B}"
EndProject
Project("{2150E333-8FDC-42A3-9474-1A3956D46DE8}") = "TS4900ACU", "TS4900ACU", "{F3D7C86B-49AE-4E5B-B332-3D919698DA59}"
EndProject
Project("{2150E333-8FDC-42A3-9474-1A3956D46DE8}") = "Projects VS Extensions", "Projects VS Extensions", "{FEAB72DD-B766-4A64-8362-30966758F60D}"
EndProject
Project("{2150E333-8FDC-42A3-9474-1A3956D46DE8}") = "Projects .NET Forms", "Projects .NET Forms", "{B1A46779-FAA3-4F57-A763-043F58D25956}"
EndProject
Project("{2150E333-8FDC-42A3-9474-1A3956D46DE8}") = "Projects .NET WPF", "Projects .NET WPF", "{5D8AD044-7667-4F21-B970-8AC68B8DFA4B}"
EndProject
Project("{2150E333-8FDC-42A3-9474-1A3956D46DE8}") = "Projects ASP .NET Core", "Projects ASP .NET Core", "{A3941AA4-36E0-4456-AEBB-26A40499B2F5}"
EndProject
Project("{2150E333-8FDC-42A3-9474-1A3956D46DE8}") = "uiDotNet", "uiDotNet", "{BE94BE24-192E-4A73-8571-7DE40B5A375A}"
EndProject
Project("{2150E333-8FDC-42A3-9474-1A3956D46DE8}") = "uiWeb", "uiWeb", "{892268E9-C609-4650-8562-F944CD0B1A59}"
EndProject
Project("{2150E333-8FDC-42A3-9474-1A3956D46DE8}") = "ccOS", "ccOS", "{3C641F1E-72B4-4E9C-BBEF-98C5CFDCAE85}"
EndProject
Project("{2150E333-8FDC-42A3-9474-1A3956D46DE8}") = "ccNOos", "ccNOos", "{36EFC0F9-620A-441E-97F1-A6B8D71A5652}"
EndProject
Project("{2150E333-8FDC-42A3-9474-1A3956D46DE8}") = "ccOS", "ccOS", "{7FD2169B-6CE6-43E2-8284-8F7C548F1EE6}"
EndProject
Project("{2150E333-8FDC-42A3-9474-1A3956D46DE8}") = "ccNOos", "ccNOos", "{87417525-5FED-4261-8F85-1D5623F17B27}"
EndProject
Project("{2150E333-8FDC-42A3-9474-1A3956D46DE8}") = "ccACU", "ccACU", "{BE265F93-1C28-4048-94E6-97A67BB36FDA}"
EndProject
Project("{2150E333-8FDC-42A3-9474-1A3956D46DE8}") = "ccOS", "ccOS", "{51EAAC37-9D9E-439F-91D6-BE9AEFA91158}"
EndProject
Project("{2150E333-8FDC-42A3-9474-1A3956D46DE8}") = "ccNOos", "ccNOos", "{700F03A0-38EE-46B5-B9DB-55A4B2D73B82}"
EndProject
Project("{2150E333-8FDC-42A3-9474-1A3956D46DE8}") = "ccNOos", "ccNOos", "{DB151561-71EE-464D-9FFA-E0D512F6810C}"
EndProject
Project("{2150E333-8FDC-42A3-9474-1A3956D46DE8}") = "ccNOos", "ccNOos", "{71C52384-42AD-412A-98BE-40450D3BFEAB}"
EndProject
Project("{2150E333-8FDC-42A3-9474-1A3956D46DE8}") = "ccOS", "ccOS", "{48057CEA-FE7B-413B-861C-F56FB3C064D0}"
EndProject
Project("{2150E333-8FDC-42A3-9474-1A3956D46DE8}") = "ccNOos", "ccNOos", "{1F263DD0-8271-43E7-B0F6-949BC5551E8D}"
EndProject
Project("{2150E333-8FDC-42A3-9474-1A3956D46DE8}") = "Libs .NET", "Libs .NET", "{634A06F7-31E6-401A-9655-B06ECBFF058C}"
EndProject
Project("{2150E333-8FDC-42A3-9474-1A3956D46DE8}") = "Libs WIN32", "Libs WIN32", "{AB862E8B-BA56-474F-BA8A-1D7DA54DA18D}"
EndProject
Project("{8BC9CEB8-8B4A-11D0-8D11-00A0C91BC942}") = "StaticLib", "CR\uiWIN32\StaticLib\StaticLib.vcxproj", "{BF6C2CFB-E486-40F2-8B08-3D57588C1584}"
EndProject
Project("{8BC9CEB8-8B4A-11D0-8D11-00A0C91BC942}") = "DynamicLib", "CR\uiWIN32\DynamicLib\DynamicLib.vcxproj", "{13CC94D9-C400-421A-832A-4B13001D4318}"
EndProject
Project("{2150E333-8FDC-42A3-9474-1A3956D46DE8}") = "uiWIN32", "uiWIN32", "{F0AD0862-0E95-43F4-9BB6-3E8AE29204D3}"
EndProject
Project("{2150E333-8FDC-42A3-9474-1A3956D46DE8}") = "Tests", "Tests", "{8AFA4D11-125A-40CD-8DAB-499B119927E5}"
EndProject
Project("{2150E333-8FDC-42A3-9474-1A3956D46DE8}") = "Arduino", "Arduino", "{09B32679-58CB-4EE3-9306-67F7344C6B12}"
	ProjectSection(SolutionItems) = preProject
		CR\ccOS_Tests\ccOS\ccNOos\tests\testPlatforms\Platform_Arduino.h = CR\ccOS_Tests\ccOS\ccNOos\tests\testPlatforms\Platform_Arduino.h
		CR\ccOS_Tests\ccOS\ccNOos\tests\testMainFiles\SatComACS\Arduino\SatComACS.ino = CR\ccOS_Tests\ccOS\ccNOos\tests\testMainFiles\SatComACS\Arduino\SatComACS.ino
	EndProjectSection
EndProject
Project("{2150E333-8FDC-42A3-9474-1A3956D46DE8}") = "PSoC", "PSoC", "{B478F08B-3A9C-4AB2-AEFD-D83D9A8BA397}"
EndProject
Project("{2150E333-8FDC-42A3-9474-1A3956D46DE8}") = "PIC", "PIC", "{DEF7B184-28C7-48A3-8C0A-9AB7C8B43905}"
EndProject
Project("{2150E333-8FDC-42A3-9474-1A3956D46DE8}") = "QT_minGW_C", "QT_minGW_C", "{81116863-66AB-4794-97E6-7573F271F434}"
EndProject
Project("{2150E333-8FDC-42A3-9474-1A3956D46DE8}") = "VS_win32_CPP", "VS_win32_CPP", "{C6532255-76C1-47A2-BA42-C490B4024E0F}"
EndProject
Project("{2150E333-8FDC-42A3-9474-1A3956D46DE8}") = "RPi3", "RPi3", "{C8459120-16B8-44FA-BCDE-465CC33113BF}"
EndProject
Project("{2150E333-8FDC-42A3-9474-1A3956D46DE8}") = "TS4900", "TS4900", "{983F36E6-8FED-4BBF-9932-8765E9AB21E2}"
EndProject
Project("{2150E333-8FDC-42A3-9474-1A3956D46DE8}") = "Ubuntu", "Ubuntu", "{27385E25-42C5-4A7C-8D8B-291B3881F00C}"
EndProject
Project("{2150E333-8FDC-42A3-9474-1A3956D46DE8}") = "Win32", "Win32", "{A792CF3A-2152-45E9-85C6-ACE93FAA48FA}"
EndProject
Project("{2150E333-8FDC-42A3-9474-1A3956D46DE8}") = "application", "application", "{AB1A0478-CC32-4075-97E8-E14C3467B99D}"
EndProject
Project("{2150E333-8FDC-42A3-9474-1A3956D46DE8}") = "build", "build", "{917328CE-38A3-4338-A7AE-EA3FBA2A406C}"
EndProject
Project("{2150E333-8FDC-42A3-9474-1A3956D46DE8}") = "docs", "docs", "{1F22FA11-C8CD-474A-8563-D28F3447172C}"
EndProject
Project("{2150E333-8FDC-42A3-9474-1A3956D46DE8}") = "meta-acu", "meta-acu", "{C21EDF24-9309-45E0-A31E-4DA8B6A78183}"
EndProject
Project("{2150E333-8FDC-42A3-9474-1A3956D46DE8}") = "tools", "tools", "{7D01FD9E-E53A-4BD7-867E-BF93A3A98D80}"
EndProject
Project("{2150E333-8FDC-42A3-9474-1A3956D46DE8}") = "CompInterfaces", "CompInterfaces", "{CBB7B863-9213-45F7-8F77-067F5F31D936}"
EndProject
Project("{2150E333-8FDC-42A3-9474-1A3956D46DE8}") = "ConsoleApp", "ConsoleApp", "{5249B398-4B2D-421B-AC51-5B0C24E5C9C4}"
EndProject
Project("{2150E333-8FDC-42A3-9474-1A3956D46DE8}") = "ControllerApp", "ControllerApp", "{2A31BB12-AA52-45CF-AC6C-1D6F42BA5CD4}"
EndProject
Project("{2150E333-8FDC-42A3-9474-1A3956D46DE8}") = "ExternalApps", "ExternalApps", "{3EBED43A-9AFE-4C23-BA31-E3FC26048DDC}"
EndProject
Project("{2150E333-8FDC-42A3-9474-1A3956D46DE8}") = "QTProjects", "QTProjects", "{32A57114-12E3-4B26-A093-264344BA224C}"
EndProject
Project("{FAE04EC0-301F-11D3-BF4B-00C04F79EFBC}") = "GenerateArduinoLib", "CR\ccNOos_Tests\GenerateArduinoLib\GenerateArduinoLib.csproj", "{B43A6FF8-9B27-4310-8E84-454A16E49229}"
EndProject
Project("{8BC9CEB8-8B4A-11D0-8D11-00A0C91BC942}") = "FlatConsoleTest", "CR\uiWIN32\FlatConsoleTest\FlatConsoleTest.vcxproj", "{5ECC182F-5E24-4757-93DB-C46971F7E1CC}"
EndProject
Project("{9A19103F-16F7-4668-BE54-9A1E7A4F7556}") = "ccLib_netCore", "CR\uiDotNet\Libs\ccLib_netCore\ccLib_netCore.csproj", "{683785B9-963E-4B9D-A68E-BA028B862FC7}"
EndProject
Project("{9A19103F-16F7-4668-BE54-9A1E7A4F7556}") = "IMS_Universe", "CR\uiDotNet\Framework\IMS_Universe\IMS_Universe.csproj", "{2DC0B8F4-6F08-4C4D-B2BD-36C48EF8198E}"
EndProject
Project("{8BC9CEB8-8B4A-11D0-8D11-00A0C91BC942}") = "WIN32_Console", "CR\ccOS_Tests\WIN32_Console\WIN32_Console.vcxproj", "{10253D91-39B8-41AF-9767-4E668165C3EA}"
	ProjectSection(ProjectDependencies) = postProject
		{B43A6FF8-9B27-4310-8E84-454A16E49229} = {B43A6FF8-9B27-4310-8E84-454A16E49229}
	EndProjectSection
EndProject
Project("{9A19103F-16F7-4668-BE54-9A1E7A4F7556}") = "DeployTestProjectPreLink", "CR\uiDotNet\Framework\DeployTestProjectPreLink\DeployTestProjectPreLink.csproj", "{62150E8B-71B5-4052-8F80-1B6B3F0A8752}"
EndProject
Project("{9A19103F-16F7-4668-BE54-9A1E7A4F7556}") = "IMS_MDS_WebApp", "CR\uiDotNet\MDS_Server\IMS_MDS_WebApp\IMS_MDS_WebApp.csproj", "{9CC701FB-67DA-4E03-B9CF-8CDA29C7E060}"
EndProject
Global
	GlobalSection(SolutionConfigurationPlatforms) = preSolution
		ccNOos_SatComACS|Any CPU = ccNOos_SatComACS|Any CPU
		ccNOos_SatComACS|x64 = ccNOos_SatComACS|x64
		ccNOos_SatComACS|x86 = ccNOos_SatComACS|x86
		ccNOos_SysTick|Any CPU = ccNOos_SysTick|Any CPU
		ccNOos_SysTick|x64 = ccNOos_SysTick|x64
		ccNOos_SysTick|x86 = ccNOos_SysTick|x86
		ccNOos_Tests|Any CPU = ccNOos_Tests|Any CPU
		ccNOos_Tests|x64 = ccNOos_Tests|x64
		ccNOos_Tests|x86 = ccNOos_Tests|x86
		ccOS_ccACU|Any CPU = ccOS_ccACU|Any CPU
		ccOS_ccACU|x64 = ccOS_ccACU|x64
		ccOS_ccACU|x86 = ccOS_ccACU|x86
		ccOS_Tests|Any CPU = ccOS_Tests|Any CPU
		ccOS_Tests|x64 = ccOS_Tests|x64
		ccOS_Tests|x86 = ccOS_Tests|x86
		Debug|Any CPU = Debug|Any CPU
		Debug|x64 = Debug|x64
		Debug|x86 = Debug|x86
		Release|Any CPU = Release|Any CPU
		Release|x64 = Release|x64
		Release|x86 = Release|x86
	EndGlobalSection
	GlobalSection(ProjectConfigurationPlatforms) = postSolution
		{BF6C2CFB-E486-40F2-8B08-3D57588C1584}.ccNOos_SatComACS|Any CPU.ActiveCfg = ccNOos_SatComACS|Win32
		{BF6C2CFB-E486-40F2-8B08-3D57588C1584}.ccNOos_SatComACS|x64.ActiveCfg = ccNOos_SatComACS|Win32
		{BF6C2CFB-E486-40F2-8B08-3D57588C1584}.ccNOos_SatComACS|x86.ActiveCfg = ccNOos_SatComACS|Win32
		{BF6C2CFB-E486-40F2-8B08-3D57588C1584}.ccNOos_SysTick|Any CPU.ActiveCfg = ccNOos_SysTick|Win32
		{BF6C2CFB-E486-40F2-8B08-3D57588C1584}.ccNOos_SysTick|x64.ActiveCfg = ccNOos_SysTick|Win32
		{BF6C2CFB-E486-40F2-8B08-3D57588C1584}.ccNOos_SysTick|x86.ActiveCfg = ccNOos_SysTick|Win32
		{BF6C2CFB-E486-40F2-8B08-3D57588C1584}.ccNOos_Tests|Any CPU.ActiveCfg = ccNOos_Tests|Win32
		{BF6C2CFB-E486-40F2-8B08-3D57588C1584}.ccNOos_Tests|x64.ActiveCfg = ccNOos_Tests|Win32
		{BF6C2CFB-E486-40F2-8B08-3D57588C1584}.ccNOos_Tests|x86.ActiveCfg = ccNOos_Tests|Win32
		{BF6C2CFB-E486-40F2-8B08-3D57588C1584}.ccOS_ccACU|Any CPU.ActiveCfg = ccOS_ccACU|Win32
		{BF6C2CFB-E486-40F2-8B08-3D57588C1584}.ccOS_ccACU|x64.ActiveCfg = ccOS_ccACU|Win32
		{BF6C2CFB-E486-40F2-8B08-3D57588C1584}.ccOS_ccACU|x86.ActiveCfg = ccOS_ccACU|Win32
		{BF6C2CFB-E486-40F2-8B08-3D57588C1584}.ccOS_Tests|Any CPU.ActiveCfg = ccOS_Tests|Win32
		{BF6C2CFB-E486-40F2-8B08-3D57588C1584}.ccOS_Tests|x64.ActiveCfg = ccOS_Tests|Win32
		{BF6C2CFB-E486-40F2-8B08-3D57588C1584}.ccOS_Tests|x86.ActiveCfg = ccOS_Tests|Win32
		{BF6C2CFB-E486-40F2-8B08-3D57588C1584}.Debug|Any CPU.ActiveCfg = Debug|Win32
		{BF6C2CFB-E486-40F2-8B08-3D57588C1584}.Debug|x64.ActiveCfg = Debug|Win32
		{BF6C2CFB-E486-40F2-8B08-3D57588C1584}.Debug|x86.ActiveCfg = Debug|Win32
		{BF6C2CFB-E486-40F2-8B08-3D57588C1584}.Debug|x86.Build.0 = Debug|Win32
		{BF6C2CFB-E486-40F2-8B08-3D57588C1584}.Release|Any CPU.ActiveCfg = Release|Win32
		{BF6C2CFB-E486-40F2-8B08-3D57588C1584}.Release|x64.ActiveCfg = Release|Win32
		{BF6C2CFB-E486-40F2-8B08-3D57588C1584}.Release|x86.ActiveCfg = Release|Win32
		{BF6C2CFB-E486-40F2-8B08-3D57588C1584}.Release|x86.Build.0 = Release|Win32
		{13CC94D9-C400-421A-832A-4B13001D4318}.ccNOos_SatComACS|Any CPU.ActiveCfg = ccNOos_SatComACS|Win32
		{13CC94D9-C400-421A-832A-4B13001D4318}.ccNOos_SatComACS|x64.ActiveCfg = ccNOos_SatComACS|x64
		{13CC94D9-C400-421A-832A-4B13001D4318}.ccNOos_SatComACS|x86.ActiveCfg = ccNOos_SatComACS|Win32
		{13CC94D9-C400-421A-832A-4B13001D4318}.ccNOos_SysTick|Any CPU.ActiveCfg = ccNOos_SysTick|Win32
		{13CC94D9-C400-421A-832A-4B13001D4318}.ccNOos_SysTick|x64.ActiveCfg = ccNOos_SysTick|x64
		{13CC94D9-C400-421A-832A-4B13001D4318}.ccNOos_SysTick|x86.ActiveCfg = ccNOos_SysTick|Win32
		{13CC94D9-C400-421A-832A-4B13001D4318}.ccNOos_Tests|Any CPU.ActiveCfg = ccNOos_Tests|Win32
		{13CC94D9-C400-421A-832A-4B13001D4318}.ccNOos_Tests|x64.ActiveCfg = ccNOos_Tests|x64
		{13CC94D9-C400-421A-832A-4B13001D4318}.ccNOos_Tests|x86.ActiveCfg = ccNOos_Tests|Win32
		{13CC94D9-C400-421A-832A-4B13001D4318}.ccOS_ccACU|Any CPU.ActiveCfg = ccOS_ccACU|Win32
		{13CC94D9-C400-421A-832A-4B13001D4318}.ccOS_ccACU|x64.ActiveCfg = ccOS_ccACU|x64
		{13CC94D9-C400-421A-832A-4B13001D4318}.ccOS_ccACU|x86.ActiveCfg = ccOS_ccACU|Win32
		{13CC94D9-C400-421A-832A-4B13001D4318}.ccOS_Tests|Any CPU.ActiveCfg = ccOS_Tests|Win32
		{13CC94D9-C400-421A-832A-4B13001D4318}.ccOS_Tests|x64.ActiveCfg = ccOS_Tests|x64
		{13CC94D9-C400-421A-832A-4B13001D4318}.ccOS_Tests|x86.ActiveCfg = ccOS_Tests|Win32
		{13CC94D9-C400-421A-832A-4B13001D4318}.Debug|Any CPU.ActiveCfg = Debug|Win32
		{13CC94D9-C400-421A-832A-4B13001D4318}.Debug|x64.ActiveCfg = Debug|x64
		{13CC94D9-C400-421A-832A-4B13001D4318}.Debug|x64.Build.0 = Debug|x64
		{13CC94D9-C400-421A-832A-4B13001D4318}.Debug|x86.ActiveCfg = Debug|Win32
		{13CC94D9-C400-421A-832A-4B13001D4318}.Debug|x86.Build.0 = Debug|Win32
		{13CC94D9-C400-421A-832A-4B13001D4318}.Release|Any CPU.ActiveCfg = Release|Win32
		{13CC94D9-C400-421A-832A-4B13001D4318}.Release|x64.ActiveCfg = Release|x64
		{13CC94D9-C400-421A-832A-4B13001D4318}.Release|x64.Build.0 = Release|x64
		{13CC94D9-C400-421A-832A-4B13001D4318}.Release|x86.ActiveCfg = Release|Win32
		{13CC94D9-C400-421A-832A-4B13001D4318}.Release|x86.Build.0 = Release|Win32
		{B43A6FF8-9B27-4310-8E84-454A16E49229}.ccNOos_SatComACS|Any CPU.ActiveCfg = ccNOos_SatComACS|Any CPU
		{B43A6FF8-9B27-4310-8E84-454A16E49229}.ccNOos_SatComACS|x64.ActiveCfg = ccNOos_SatComACS|Any CPU
		{B43A6FF8-9B27-4310-8E84-454A16E49229}.ccNOos_SatComACS|x64.Build.0 = ccNOos_SatComACS|Any CPU
		{B43A6FF8-9B27-4310-8E84-454A16E49229}.ccNOos_SatComACS|x86.ActiveCfg = ccNOos_SatComACS|Any CPU
		{B43A6FF8-9B27-4310-8E84-454A16E49229}.ccNOos_SatComACS|x86.Build.0 = ccNOos_SatComACS|Any CPU
		{B43A6FF8-9B27-4310-8E84-454A16E49229}.ccNOos_SysTick|Any CPU.ActiveCfg = ccNOos_SysTick|Any CPU
		{B43A6FF8-9B27-4310-8E84-454A16E49229}.ccNOos_SysTick|x64.ActiveCfg = ccNOos_SysTick|Any CPU
		{B43A6FF8-9B27-4310-8E84-454A16E49229}.ccNOos_SysTick|x64.Build.0 = ccNOos_SysTick|Any CPU
		{B43A6FF8-9B27-4310-8E84-454A16E49229}.ccNOos_SysTick|x86.ActiveCfg = ccNOos_SysTick|Any CPU
		{B43A6FF8-9B27-4310-8E84-454A16E49229}.ccNOos_SysTick|x86.Build.0 = ccNOos_SysTick|Any CPU
		{B43A6FF8-9B27-4310-8E84-454A16E49229}.ccNOos_Tests|Any CPU.ActiveCfg = ccNOos_Tests|Any CPU
		{B43A6FF8-9B27-4310-8E84-454A16E49229}.ccNOos_Tests|Any CPU.Build.0 = ccNOos_Tests|Any CPU
		{B43A6FF8-9B27-4310-8E84-454A16E49229}.ccNOos_Tests|x64.ActiveCfg = ccNOos_Tests|Any CPU
		{B43A6FF8-9B27-4310-8E84-454A16E49229}.ccNOos_Tests|x64.Build.0 = ccNOos_Tests|Any CPU
		{B43A6FF8-9B27-4310-8E84-454A16E49229}.ccNOos_Tests|x86.ActiveCfg = ccNOos_Tests|Any CPU
		{B43A6FF8-9B27-4310-8E84-454A16E49229}.ccNOos_Tests|x86.Build.0 = ccNOos_Tests|Any CPU
		{B43A6FF8-9B27-4310-8E84-454A16E49229}.ccOS_ccACU|Any CPU.ActiveCfg = ccOS_ccACU|Any CPU
		{B43A6FF8-9B27-4310-8E84-454A16E49229}.ccOS_ccACU|x64.ActiveCfg = ccOS_ccACU|Any CPU
		{B43A6FF8-9B27-4310-8E84-454A16E49229}.ccOS_ccACU|x64.Build.0 = ccOS_ccACU|Any CPU
		{B43A6FF8-9B27-4310-8E84-454A16E49229}.ccOS_ccACU|x86.ActiveCfg = ccOS_ccACU|Any CPU
		{B43A6FF8-9B27-4310-8E84-454A16E49229}.ccOS_ccACU|x86.Build.0 = ccOS_ccACU|Any CPU
		{B43A6FF8-9B27-4310-8E84-454A16E49229}.ccOS_Tests|Any CPU.ActiveCfg = ccOS_Tests|Any CPU
		{B43A6FF8-9B27-4310-8E84-454A16E49229}.ccOS_Tests|x64.ActiveCfg = ccOS_Tests|Any CPU
		{B43A6FF8-9B27-4310-8E84-454A16E49229}.ccOS_Tests|x64.Build.0 = ccOS_Tests|Any CPU
		{B43A6FF8-9B27-4310-8E84-454A16E49229}.ccOS_Tests|x86.ActiveCfg = ccOS_Tests|Any CPU
		{B43A6FF8-9B27-4310-8E84-454A16E49229}.ccOS_Tests|x86.Build.0 = ccOS_Tests|Any CPU
		{B43A6FF8-9B27-4310-8E84-454A16E49229}.Debug|Any CPU.ActiveCfg = Debug|Any CPU
		{B43A6FF8-9B27-4310-8E84-454A16E49229}.Debug|x64.ActiveCfg = Debug|Any CPU
		{B43A6FF8-9B27-4310-8E84-454A16E49229}.Debug|x64.Build.0 = Debug|Any CPU
		{B43A6FF8-9B27-4310-8E84-454A16E49229}.Debug|x86.ActiveCfg = Debug|Any CPU
		{B43A6FF8-9B27-4310-8E84-454A16E49229}.Debug|x86.Build.0 = Debug|Any CPU
		{B43A6FF8-9B27-4310-8E84-454A16E49229}.Release|Any CPU.ActiveCfg = Release|Any CPU
		{B43A6FF8-9B27-4310-8E84-454A16E49229}.Release|x64.ActiveCfg = Release|Any CPU
		{B43A6FF8-9B27-4310-8E84-454A16E49229}.Release|x64.Build.0 = Release|Any CPU
		{B43A6FF8-9B27-4310-8E84-454A16E49229}.Release|x86.ActiveCfg = Release|Any CPU
		{B43A6FF8-9B27-4310-8E84-454A16E49229}.Release|x86.Build.0 = Release|Any CPU
		{5ECC182F-5E24-4757-93DB-C46971F7E1CC}.ccNOos_SatComACS|Any CPU.ActiveCfg = ccNOos_SatComACS|Win32
		{5ECC182F-5E24-4757-93DB-C46971F7E1CC}.ccNOos_SatComACS|x64.ActiveCfg = ccNOos_SatComACS|Win32
		{5ECC182F-5E24-4757-93DB-C46971F7E1CC}.ccNOos_SatComACS|x86.ActiveCfg = ccNOos_SatComACS|Win32
		{5ECC182F-5E24-4757-93DB-C46971F7E1CC}.ccNOos_SysTick|Any CPU.ActiveCfg = ccNOos_SysTick|Win32
		{5ECC182F-5E24-4757-93DB-C46971F7E1CC}.ccNOos_SysTick|x64.ActiveCfg = ccNOos_SysTick|Win32
		{5ECC182F-5E24-4757-93DB-C46971F7E1CC}.ccNOos_SysTick|x86.ActiveCfg = ccNOos_SysTick|Win32
		{5ECC182F-5E24-4757-93DB-C46971F7E1CC}.ccNOos_Tests|Any CPU.ActiveCfg = ccNOos_Tests|Win32
		{5ECC182F-5E24-4757-93DB-C46971F7E1CC}.ccNOos_Tests|x64.ActiveCfg = ccNOos_Tests|Win32
		{5ECC182F-5E24-4757-93DB-C46971F7E1CC}.ccNOos_Tests|x86.ActiveCfg = ccNOos_Tests|Win32
		{5ECC182F-5E24-4757-93DB-C46971F7E1CC}.ccOS_ccACU|Any CPU.ActiveCfg = ccOS_ccACU|Win32
		{5ECC182F-5E24-4757-93DB-C46971F7E1CC}.ccOS_ccACU|x64.ActiveCfg = ccOS_ccACU|Win32
		{5ECC182F-5E24-4757-93DB-C46971F7E1CC}.ccOS_ccACU|x86.ActiveCfg = ccOS_ccACU|Win32
		{5ECC182F-5E24-4757-93DB-C46971F7E1CC}.ccOS_Tests|Any CPU.ActiveCfg = ccOS_Tests|Win32
		{5ECC182F-5E24-4757-93DB-C46971F7E1CC}.ccOS_Tests|x64.ActiveCfg = ccOS_Tests|Win32
		{5ECC182F-5E24-4757-93DB-C46971F7E1CC}.ccOS_Tests|x86.ActiveCfg = ccOS_Tests|Win32
		{5ECC182F-5E24-4757-93DB-C46971F7E1CC}.Debug|Any CPU.ActiveCfg = Debug|Win32
		{5ECC182F-5E24-4757-93DB-C46971F7E1CC}.Debug|x64.ActiveCfg = Debug|Win32
		{5ECC182F-5E24-4757-93DB-C46971F7E1CC}.Debug|x86.ActiveCfg = Debug|Win32
		{5ECC182F-5E24-4757-93DB-C46971F7E1CC}.Debug|x86.Build.0 = Debug|Win32
		{5ECC182F-5E24-4757-93DB-C46971F7E1CC}.Release|Any CPU.ActiveCfg = Release|Win32
		{5ECC182F-5E24-4757-93DB-C46971F7E1CC}.Release|x64.ActiveCfg = Release|Win32
		{5ECC182F-5E24-4757-93DB-C46971F7E1CC}.Release|x86.ActiveCfg = Release|Win32
		{5ECC182F-5E24-4757-93DB-C46971F7E1CC}.Release|x86.Build.0 = Release|Win32
		{683785B9-963E-4B9D-A68E-BA028B862FC7}.ccNOos_SatComACS|Any CPU.ActiveCfg = ccNOos_SatComACS|Any CPU
		{683785B9-963E-4B9D-A68E-BA028B862FC7}.ccNOos_SatComACS|x64.ActiveCfg = ccNOos_SatComACS|Any CPU
		{683785B9-963E-4B9D-A68E-BA028B862FC7}.ccNOos_SatComACS|x64.Build.0 = ccNOos_SatComACS|Any CPU
		{683785B9-963E-4B9D-A68E-BA028B862FC7}.ccNOos_SatComACS|x86.ActiveCfg = ccNOos_SatComACS|Any CPU
		{683785B9-963E-4B9D-A68E-BA028B862FC7}.ccNOos_SatComACS|x86.Build.0 = ccNOos_SatComACS|Any CPU
		{683785B9-963E-4B9D-A68E-BA028B862FC7}.ccNOos_SysTick|Any CPU.ActiveCfg = ccNOos_SysTick|Any CPU
		{683785B9-963E-4B9D-A68E-BA028B862FC7}.ccNOos_SysTick|x64.ActiveCfg = ccNOos_SysTick|Any CPU
		{683785B9-963E-4B9D-A68E-BA028B862FC7}.ccNOos_SysTick|x64.Build.0 = ccNOos_SysTick|Any CPU
		{683785B9-963E-4B9D-A68E-BA028B862FC7}.ccNOos_SysTick|x86.ActiveCfg = ccNOos_SysTick|Any CPU
		{683785B9-963E-4B9D-A68E-BA028B862FC7}.ccNOos_SysTick|x86.Build.0 = ccNOos_SysTick|Any CPU
		{683785B9-963E-4B9D-A68E-BA028B862FC7}.ccNOos_Tests|Any CPU.ActiveCfg = ccNOos_Tests|Any CPU
		{683785B9-963E-4B9D-A68E-BA028B862FC7}.ccNOos_Tests|x64.ActiveCfg = ccNOos_Tests|Any CPU
		{683785B9-963E-4B9D-A68E-BA028B862FC7}.ccNOos_Tests|x64.Build.0 = ccNOos_Tests|Any CPU
		{683785B9-963E-4B9D-A68E-BA028B862FC7}.ccNOos_Tests|x86.ActiveCfg = ccNOos_Tests|Any CPU
		{683785B9-963E-4B9D-A68E-BA028B862FC7}.ccNOos_Tests|x86.Build.0 = ccNOos_Tests|Any CPU
		{683785B9-963E-4B9D-A68E-BA028B862FC7}.ccOS_ccACU|Any CPU.ActiveCfg = ccOS_ccACU|Any CPU
		{683785B9-963E-4B9D-A68E-BA028B862FC7}.ccOS_ccACU|x64.ActiveCfg = ccOS_ccACU|Any CPU
		{683785B9-963E-4B9D-A68E-BA028B862FC7}.ccOS_ccACU|x64.Build.0 = ccOS_ccACU|Any CPU
		{683785B9-963E-4B9D-A68E-BA028B862FC7}.ccOS_ccACU|x86.ActiveCfg = ccOS_ccACU|Any CPU
		{683785B9-963E-4B9D-A68E-BA028B862FC7}.ccOS_ccACU|x86.Build.0 = ccOS_ccACU|Any CPU
		{683785B9-963E-4B9D-A68E-BA028B862FC7}.ccOS_Tests|Any CPU.ActiveCfg = ccOS_Tests|Any CPU
		{683785B9-963E-4B9D-A68E-BA028B862FC7}.ccOS_Tests|x64.ActiveCfg = ccOS_Tests|Any CPU
		{683785B9-963E-4B9D-A68E-BA028B862FC7}.ccOS_Tests|x64.Build.0 = ccOS_Tests|Any CPU
		{683785B9-963E-4B9D-A68E-BA028B862FC7}.ccOS_Tests|x86.ActiveCfg = ccOS_Tests|Any CPU
		{683785B9-963E-4B9D-A68E-BA028B862FC7}.ccOS_Tests|x86.Build.0 = ccOS_Tests|Any CPU
		{683785B9-963E-4B9D-A68E-BA028B862FC7}.Debug|Any CPU.ActiveCfg = Debug|Any CPU
		{683785B9-963E-4B9D-A68E-BA028B862FC7}.Debug|x64.ActiveCfg = Debug|Any CPU
		{683785B9-963E-4B9D-A68E-BA028B862FC7}.Debug|x64.Build.0 = Debug|Any CPU
		{683785B9-963E-4B9D-A68E-BA028B862FC7}.Debug|x86.ActiveCfg = Debug|Any CPU
		{683785B9-963E-4B9D-A68E-BA028B862FC7}.Debug|x86.Build.0 = Debug|Any CPU
		{683785B9-963E-4B9D-A68E-BA028B862FC7}.Release|Any CPU.ActiveCfg = Release|Any CPU
		{683785B9-963E-4B9D-A68E-BA028B862FC7}.Release|x64.ActiveCfg = Release|Any CPU
		{683785B9-963E-4B9D-A68E-BA028B862FC7}.Release|x64.Build.0 = Release|Any CPU
		{683785B9-963E-4B9D-A68E-BA028B862FC7}.Release|x86.ActiveCfg = Release|Any CPU
		{683785B9-963E-4B9D-A68E-BA028B862FC7}.Release|x86.Build.0 = Release|Any CPU
		{2DC0B8F4-6F08-4C4D-B2BD-36C48EF8198E}.ccNOos_SatComACS|Any CPU.ActiveCfg = ccNOos_SatComACS|Any CPU
		{2DC0B8F4-6F08-4C4D-B2BD-36C48EF8198E}.ccNOos_SatComACS|x64.ActiveCfg = ccNOos_SatComACS|Any CPU
		{2DC0B8F4-6F08-4C4D-B2BD-36C48EF8198E}.ccNOos_SatComACS|x64.Build.0 = ccNOos_SatComACS|Any CPU
		{2DC0B8F4-6F08-4C4D-B2BD-36C48EF8198E}.ccNOos_SatComACS|x86.ActiveCfg = ccNOos_SatComACS|Any CPU
		{2DC0B8F4-6F08-4C4D-B2BD-36C48EF8198E}.ccNOos_SatComACS|x86.Build.0 = ccNOos_SatComACS|Any CPU
		{2DC0B8F4-6F08-4C4D-B2BD-36C48EF8198E}.ccNOos_SysTick|Any CPU.ActiveCfg = ccNOos_SysTick|Any CPU
		{2DC0B8F4-6F08-4C4D-B2BD-36C48EF8198E}.ccNOos_SysTick|x64.ActiveCfg = ccNOos_SysTick|Any CPU
		{2DC0B8F4-6F08-4C4D-B2BD-36C48EF8198E}.ccNOos_SysTick|x64.Build.0 = ccNOos_SysTick|Any CPU
		{2DC0B8F4-6F08-4C4D-B2BD-36C48EF8198E}.ccNOos_SysTick|x86.ActiveCfg = ccNOos_SysTick|Any CPU
		{2DC0B8F4-6F08-4C4D-B2BD-36C48EF8198E}.ccNOos_SysTick|x86.Build.0 = ccNOos_SysTick|Any CPU
		{2DC0B8F4-6F08-4C4D-B2BD-36C48EF8198E}.ccNOos_Tests|Any CPU.ActiveCfg = ccNOos_Tests|Any CPU
		{2DC0B8F4-6F08-4C4D-B2BD-36C48EF8198E}.ccNOos_Tests|x64.ActiveCfg = ccNOos_Tests|Any CPU
		{2DC0B8F4-6F08-4C4D-B2BD-36C48EF8198E}.ccNOos_Tests|x64.Build.0 = ccNOos_Tests|Any CPU
		{2DC0B8F4-6F08-4C4D-B2BD-36C48EF8198E}.ccNOos_Tests|x86.ActiveCfg = ccNOos_Tests|Any CPU
		{2DC0B8F4-6F08-4C4D-B2BD-36C48EF8198E}.ccNOos_Tests|x86.Build.0 = ccNOos_Tests|Any CPU
		{2DC0B8F4-6F08-4C4D-B2BD-36C48EF8198E}.ccOS_ccACU|Any CPU.ActiveCfg = ccOS_ccACU|Any CPU
		{2DC0B8F4-6F08-4C4D-B2BD-36C48EF8198E}.ccOS_ccACU|x64.ActiveCfg = ccOS_ccACU|Any CPU
		{2DC0B8F4-6F08-4C4D-B2BD-36C48EF8198E}.ccOS_ccACU|x64.Build.0 = ccOS_ccACU|Any CPU
		{2DC0B8F4-6F08-4C4D-B2BD-36C48EF8198E}.ccOS_ccACU|x86.ActiveCfg = ccOS_ccACU|Any CPU
		{2DC0B8F4-6F08-4C4D-B2BD-36C48EF8198E}.ccOS_ccACU|x86.Build.0 = ccOS_ccACU|Any CPU
		{2DC0B8F4-6F08-4C4D-B2BD-36C48EF8198E}.ccOS_Tests|Any CPU.ActiveCfg = ccOS_Tests|Any CPU
		{2DC0B8F4-6F08-4C4D-B2BD-36C48EF8198E}.ccOS_Tests|x64.ActiveCfg = ccOS_Tests|Any CPU
		{2DC0B8F4-6F08-4C4D-B2BD-36C48EF8198E}.ccOS_Tests|x64.Build.0 = ccOS_Tests|Any CPU
		{2DC0B8F4-6F08-4C4D-B2BD-36C48EF8198E}.ccOS_Tests|x86.ActiveCfg = ccOS_Tests|Any CPU
		{2DC0B8F4-6F08-4C4D-B2BD-36C48EF8198E}.ccOS_Tests|x86.Build.0 = ccOS_Tests|Any CPU
		{2DC0B8F4-6F08-4C4D-B2BD-36C48EF8198E}.Debug|Any CPU.ActiveCfg = Debug|Any CPU
		{2DC0B8F4-6F08-4C4D-B2BD-36C48EF8198E}.Debug|x64.ActiveCfg = Debug|Any CPU
		{2DC0B8F4-6F08-4C4D-B2BD-36C48EF8198E}.Debug|x64.Build.0 = Debug|Any CPU
		{2DC0B8F4-6F08-4C4D-B2BD-36C48EF8198E}.Debug|x86.ActiveCfg = Debug|Any CPU
		{2DC0B8F4-6F08-4C4D-B2BD-36C48EF8198E}.Debug|x86.Build.0 = Debug|Any CPU
		{2DC0B8F4-6F08-4C4D-B2BD-36C48EF8198E}.Release|Any CPU.ActiveCfg = Release|Any CPU
		{2DC0B8F4-6F08-4C4D-B2BD-36C48EF8198E}.Release|x64.ActiveCfg = Release|Any CPU
		{2DC0B8F4-6F08-4C4D-B2BD-36C48EF8198E}.Release|x64.Build.0 = Release|Any CPU
		{2DC0B8F4-6F08-4C4D-B2BD-36C48EF8198E}.Release|x86.ActiveCfg = Release|Any CPU
		{2DC0B8F4-6F08-4C4D-B2BD-36C48EF8198E}.Release|x86.Build.0 = Release|Any CPU
		{10253D91-39B8-41AF-9767-4E668165C3EA}.ccNOos_SatComACS|Any CPU.ActiveCfg = ccNOos_SatComACS|Win32
		{10253D91-39B8-41AF-9767-4E668165C3EA}.ccNOos_SatComACS|x64.ActiveCfg = ccNOos_SatComACS|x64
		{10253D91-39B8-41AF-9767-4E668165C3EA}.ccNOos_SatComACS|x86.ActiveCfg = ccNOos_SatComACS|Win32
		{10253D91-39B8-41AF-9767-4E668165C3EA}.ccNOos_SysTick|Any CPU.ActiveCfg = ccNOos_SysTick|Win32
		{10253D91-39B8-41AF-9767-4E668165C3EA}.ccNOos_SysTick|x64.ActiveCfg = ccNOos_SysTick|x64
		{10253D91-39B8-41AF-9767-4E668165C3EA}.ccNOos_SysTick|x86.ActiveCfg = ccNOos_SysTick|Win32
		{10253D91-39B8-41AF-9767-4E668165C3EA}.ccNOos_Tests|Any CPU.ActiveCfg = ccNOos_Tests|Win32
		{10253D91-39B8-41AF-9767-4E668165C3EA}.ccNOos_Tests|Any CPU.Build.0 = ccNOos_Tests|Win32
		{10253D91-39B8-41AF-9767-4E668165C3EA}.ccNOos_Tests|x64.ActiveCfg = ccNOos_Tests|x64
		{10253D91-39B8-41AF-9767-4E668165C3EA}.ccNOos_Tests|x86.ActiveCfg = ccNOos_Tests|Win32
		{10253D91-39B8-41AF-9767-4E668165C3EA}.ccOS_ccACU|Any CPU.ActiveCfg = ccOS_ccACU|Win32
		{10253D91-39B8-41AF-9767-4E668165C3EA}.ccOS_ccACU|x64.ActiveCfg = ccOS_ccACU|x64
		{10253D91-39B8-41AF-9767-4E668165C3EA}.ccOS_ccACU|x86.ActiveCfg = ccOS_ccACU|Win32
		{10253D91-39B8-41AF-9767-4E668165C3EA}.ccOS_Tests|Any CPU.ActiveCfg = ccOS_Tests|Win32
		{10253D91-39B8-41AF-9767-4E668165C3EA}.ccOS_Tests|x64.ActiveCfg = ccOS_Tests|x64
		{10253D91-39B8-41AF-9767-4E668165C3EA}.ccOS_Tests|x86.ActiveCfg = ccOS_Tests|Win32
		{10253D91-39B8-41AF-9767-4E668165C3EA}.Debug|Any CPU.ActiveCfg = Debug|Win32
		{10253D91-39B8-41AF-9767-4E668165C3EA}.Debug|x64.ActiveCfg = Debug|x64
		{10253D91-39B8-41AF-9767-4E668165C3EA}.Debug|x64.Build.0 = Debug|x64
		{10253D91-39B8-41AF-9767-4E668165C3EA}.Debug|x86.ActiveCfg = Debug|Win32
		{10253D91-39B8-41AF-9767-4E668165C3EA}.Debug|x86.Build.0 = Debug|Win32
		{10253D91-39B8-41AF-9767-4E668165C3EA}.Release|Any CPU.ActiveCfg = Release|Win32
		{10253D91-39B8-41AF-9767-4E668165C3EA}.Release|x64.ActiveCfg = Release|x64
		{10253D91-39B8-41AF-9767-4E668165C3EA}.Release|x64.Build.0 = Release|x64
		{10253D91-39B8-41AF-9767-4E668165C3EA}.Release|x86.ActiveCfg = Release|Win32
		{10253D91-39B8-41AF-9767-4E668165C3EA}.Release|x86.Build.0 = Release|Win32
		{62150E8B-71B5-4052-8F80-1B6B3F0A8752}.ccNOos_SatComACS|Any CPU.ActiveCfg = Debug|Any CPU
		{62150E8B-71B5-4052-8F80-1B6B3F0A8752}.ccNOos_SatComACS|Any CPU.Build.0 = Debug|Any CPU
		{62150E8B-71B5-4052-8F80-1B6B3F0A8752}.ccNOos_SatComACS|x64.ActiveCfg = Debug|Any CPU
		{62150E8B-71B5-4052-8F80-1B6B3F0A8752}.ccNOos_SatComACS|x64.Build.0 = Debug|Any CPU
		{62150E8B-71B5-4052-8F80-1B6B3F0A8752}.ccNOos_SatComACS|x86.ActiveCfg = Debug|Any CPU
		{62150E8B-71B5-4052-8F80-1B6B3F0A8752}.ccNOos_SatComACS|x86.Build.0 = Debug|Any CPU
		{62150E8B-71B5-4052-8F80-1B6B3F0A8752}.ccNOos_SysTick|Any CPU.ActiveCfg = Debug|Any CPU
		{62150E8B-71B5-4052-8F80-1B6B3F0A8752}.ccNOos_SysTick|Any CPU.Build.0 = Debug|Any CPU
		{62150E8B-71B5-4052-8F80-1B6B3F0A8752}.ccNOos_SysTick|x64.ActiveCfg = Debug|Any CPU
		{62150E8B-71B5-4052-8F80-1B6B3F0A8752}.ccNOos_SysTick|x64.Build.0 = Debug|Any CPU
		{62150E8B-71B5-4052-8F80-1B6B3F0A8752}.ccNOos_SysTick|x86.ActiveCfg = Debug|Any CPU
		{62150E8B-71B5-4052-8F80-1B6B3F0A8752}.ccNOos_SysTick|x86.Build.0 = Debug|Any CPU
		{62150E8B-71B5-4052-8F80-1B6B3F0A8752}.ccNOos_Tests|Any CPU.ActiveCfg = Debug|Any CPU
		{62150E8B-71B5-4052-8F80-1B6B3F0A8752}.ccNOos_Tests|Any CPU.Build.0 = Debug|Any CPU
		{62150E8B-71B5-4052-8F80-1B6B3F0A8752}.ccNOos_Tests|x64.ActiveCfg = Debug|Any CPU
		{62150E8B-71B5-4052-8F80-1B6B3F0A8752}.ccNOos_Tests|x64.Build.0 = Debug|Any CPU
		{62150E8B-71B5-4052-8F80-1B6B3F0A8752}.ccNOos_Tests|x86.ActiveCfg = Debug|Any CPU
		{62150E8B-71B5-4052-8F80-1B6B3F0A8752}.ccNOos_Tests|x86.Build.0 = Debug|Any CPU
		{62150E8B-71B5-4052-8F80-1B6B3F0A8752}.ccOS_ccACU|Any CPU.ActiveCfg = Debug|Any CPU
		{62150E8B-71B5-4052-8F80-1B6B3F0A8752}.ccOS_ccACU|Any CPU.Build.0 = Debug|Any CPU
		{62150E8B-71B5-4052-8F80-1B6B3F0A8752}.ccOS_ccACU|x64.ActiveCfg = Debug|Any CPU
		{62150E8B-71B5-4052-8F80-1B6B3F0A8752}.ccOS_ccACU|x64.Build.0 = Debug|Any CPU
		{62150E8B-71B5-4052-8F80-1B6B3F0A8752}.ccOS_ccACU|x86.ActiveCfg = Debug|Any CPU
		{62150E8B-71B5-4052-8F80-1B6B3F0A8752}.ccOS_ccACU|x86.Build.0 = Debug|Any CPU
		{62150E8B-71B5-4052-8F80-1B6B3F0A8752}.ccOS_Tests|Any CPU.ActiveCfg = Debug|Any CPU
		{62150E8B-71B5-4052-8F80-1B6B3F0A8752}.ccOS_Tests|Any CPU.Build.0 = Debug|Any CPU
		{62150E8B-71B5-4052-8F80-1B6B3F0A8752}.ccOS_Tests|x64.ActiveCfg = Debug|Any CPU
		{62150E8B-71B5-4052-8F80-1B6B3F0A8752}.ccOS_Tests|x64.Build.0 = Debug|Any CPU
		{62150E8B-71B5-4052-8F80-1B6B3F0A8752}.ccOS_Tests|x86.ActiveCfg = Debug|Any CPU
		{62150E8B-71B5-4052-8F80-1B6B3F0A8752}.ccOS_Tests|x86.Build.0 = Debug|Any CPU
		{62150E8B-71B5-4052-8F80-1B6B3F0A8752}.Debug|Any CPU.ActiveCfg = Debug|Any CPU
		{62150E8B-71B5-4052-8F80-1B6B3F0A8752}.Debug|Any CPU.Build.0 = Debug|Any CPU
		{62150E8B-71B5-4052-8F80-1B6B3F0A8752}.Debug|x64.ActiveCfg = Debug|Any CPU
		{62150E8B-71B5-4052-8F80-1B6B3F0A8752}.Debug|x64.Build.0 = Debug|Any CPU
		{62150E8B-71B5-4052-8F80-1B6B3F0A8752}.Debug|x86.ActiveCfg = Debug|Any CPU
		{62150E8B-71B5-4052-8F80-1B6B3F0A8752}.Debug|x86.Build.0 = Debug|Any CPU
		{62150E8B-71B5-4052-8F80-1B6B3F0A8752}.Release|Any CPU.ActiveCfg = Release|Any CPU
		{62150E8B-71B5-4052-8F80-1B6B3F0A8752}.Release|Any CPU.Build.0 = Release|Any CPU
		{62150E8B-71B5-4052-8F80-1B6B3F0A8752}.Release|x64.ActiveCfg = Release|Any CPU
		{62150E8B-71B5-4052-8F80-1B6B3F0A8752}.Release|x64.Build.0 = Release|Any CPU
		{62150E8B-71B5-4052-8F80-1B6B3F0A8752}.Release|x86.ActiveCfg = Release|Any CPU
		{62150E8B-71B5-4052-8F80-1B6B3F0A8752}.Release|x86.Build.0 = Release|Any CPU
		{9CC701FB-67DA-4E03-B9CF-8CDA29C7E060}.ccNOos_SatComACS|Any CPU.ActiveCfg = Debug|Any CPU
		{9CC701FB-67DA-4E03-B9CF-8CDA29C7E060}.ccNOos_SatComACS|Any CPU.Build.0 = Debug|Any CPU
		{9CC701FB-67DA-4E03-B9CF-8CDA29C7E060}.ccNOos_SatComACS|x64.ActiveCfg = Debug|Any CPU
		{9CC701FB-67DA-4E03-B9CF-8CDA29C7E060}.ccNOos_SatComACS|x64.Build.0 = Debug|Any CPU
		{9CC701FB-67DA-4E03-B9CF-8CDA29C7E060}.ccNOos_SatComACS|x86.ActiveCfg = Debug|Any CPU
		{9CC701FB-67DA-4E03-B9CF-8CDA29C7E060}.ccNOos_SatComACS|x86.Build.0 = Debug|Any CPU
		{9CC701FB-67DA-4E03-B9CF-8CDA29C7E060}.ccNOos_SysTick|Any CPU.ActiveCfg = Debug|Any CPU
		{9CC701FB-67DA-4E03-B9CF-8CDA29C7E060}.ccNOos_SysTick|Any CPU.Build.0 = Debug|Any CPU
		{9CC701FB-67DA-4E03-B9CF-8CDA29C7E060}.ccNOos_SysTick|x64.ActiveCfg = Debug|Any CPU
		{9CC701FB-67DA-4E03-B9CF-8CDA29C7E060}.ccNOos_SysTick|x64.Build.0 = Debug|Any CPU
		{9CC701FB-67DA-4E03-B9CF-8CDA29C7E060}.ccNOos_SysTick|x86.ActiveCfg = Debug|Any CPU
		{9CC701FB-67DA-4E03-B9CF-8CDA29C7E060}.ccNOos_SysTick|x86.Build.0 = Debug|Any CPU
		{9CC701FB-67DA-4E03-B9CF-8CDA29C7E060}.ccNOos_Tests|Any CPU.ActiveCfg = Debug|Any CPU
		{9CC701FB-67DA-4E03-B9CF-8CDA29C7E060}.ccNOos_Tests|Any CPU.Build.0 = Debug|Any CPU
		{9CC701FB-67DA-4E03-B9CF-8CDA29C7E060}.ccNOos_Tests|x64.ActiveCfg = Debug|Any CPU
		{9CC701FB-67DA-4E03-B9CF-8CDA29C7E060}.ccNOos_Tests|x64.Build.0 = Debug|Any CPU
		{9CC701FB-67DA-4E03-B9CF-8CDA29C7E060}.ccNOos_Tests|x86.ActiveCfg = Debug|Any CPU
		{9CC701FB-67DA-4E03-B9CF-8CDA29C7E060}.ccNOos_Tests|x86.Build.0 = Debug|Any CPU
		{9CC701FB-67DA-4E03-B9CF-8CDA29C7E060}.ccOS_ccACU|Any CPU.ActiveCfg = Debug|Any CPU
		{9CC701FB-67DA-4E03-B9CF-8CDA29C7E060}.ccOS_ccACU|Any CPU.Build.0 = Debug|Any CPU
		{9CC701FB-67DA-4E03-B9CF-8CDA29C7E060}.ccOS_ccACU|x64.ActiveCfg = Debug|Any CPU
		{9CC701FB-67DA-4E03-B9CF-8CDA29C7E060}.ccOS_ccACU|x64.Build.0 = Debug|Any CPU
		{9CC701FB-67DA-4E03-B9CF-8CDA29C7E060}.ccOS_ccACU|x86.ActiveCfg = Debug|Any CPU
		{9CC701FB-67DA-4E03-B9CF-8CDA29C7E060}.ccOS_ccACU|x86.Build.0 = Debug|Any CPU
		{9CC701FB-67DA-4E03-B9CF-8CDA29C7E060}.ccOS_Tests|Any CPU.ActiveCfg = Debug|Any CPU
		{9CC701FB-67DA-4E03-B9CF-8CDA29C7E060}.ccOS_Tests|Any CPU.Build.0 = Debug|Any CPU
		{9CC701FB-67DA-4E03-B9CF-8CDA29C7E060}.ccOS_Tests|x64.ActiveCfg = Debug|Any CPU
		{9CC701FB-67DA-4E03-B9CF-8CDA29C7E060}.ccOS_Tests|x64.Build.0 = Debug|Any CPU
		{9CC701FB-67DA-4E03-B9CF-8CDA29C7E060}.ccOS_Tests|x86.ActiveCfg = Debug|Any CPU
		{9CC701FB-67DA-4E03-B9CF-8CDA29C7E060}.ccOS_Tests|x86.Build.0 = Debug|Any CPU
		{9CC701FB-67DA-4E03-B9CF-8CDA29C7E060}.Debug|Any CPU.ActiveCfg = Debug|Any CPU
		{9CC701FB-67DA-4E03-B9CF-8CDA29C7E060}.Debug|Any CPU.Build.0 = Debug|Any CPU
		{9CC701FB-67DA-4E03-B9CF-8CDA29C7E060}.Debug|x64.ActiveCfg = Debug|Any CPU
		{9CC701FB-67DA-4E03-B9CF-8CDA29C7E060}.Debug|x64.Build.0 = Debug|Any CPU
		{9CC701FB-67DA-4E03-B9CF-8CDA29C7E060}.Debug|x86.ActiveCfg = Debug|Any CPU
		{9CC701FB-67DA-4E03-B9CF-8CDA29C7E060}.Debug|x86.Build.0 = Debug|Any CPU
		{9CC701FB-67DA-4E03-B9CF-8CDA29C7E060}.Release|Any CPU.ActiveCfg = Release|Any CPU
		{9CC701FB-67DA-4E03-B9CF-8CDA29C7E060}.Release|Any CPU.Build.0 = Release|Any CPU
		{9CC701FB-67DA-4E03-B9CF-8CDA29C7E060}.Release|x64.ActiveCfg = Release|Any CPU
		{9CC701FB-67DA-4E03-B9CF-8CDA29C7E060}.Release|x64.Build.0 = Release|Any CPU
		{9CC701FB-67DA-4E03-B9CF-8CDA29C7E060}.Release|x86.ActiveCfg = Release|Any CPU
		{9CC701FB-67DA-4E03-B9CF-8CDA29C7E060}.Release|x86.Build.0 = Release|Any CPU
	EndGlobalSection
	GlobalSection(SolutionProperties) = preSolution
		HideSolutionNode = FALSE
	EndGlobalSection
	GlobalSection(NestedProjects) = preSolution
		{145C775C-447B-40DB-A952-A55AAAB04B26} = {94B924DD-FD30-49F7-A901-1D6D195B7E3F}
		{D039955F-B916-4CD6-94CF-0F366B52E067} = {94B924DD-FD30-49F7-A901-1D6D195B7E3F}
		{2BC81240-4E14-4CFD-B496-92D40A42C00D} = {94B924DD-FD30-49F7-A901-1D6D195B7E3F}
		{541DCF22-2539-442D-B601-7BBC9670D3E5} = {145C775C-447B-40DB-A952-A55AAAB04B26}
		{4035C630-AFFB-4FEF-9ED1-E0E38E9FEDBD} = {145C775C-447B-40DB-A952-A55AAAB04B26}
		{4B7D5F14-C3E9-46D6-BE61-2C569B3D8147} = {145C775C-447B-40DB-A952-A55AAAB04B26}
		{C9740439-DCCD-4A9F-BE37-7D30B6CA7E22} = {145C775C-447B-40DB-A952-A55AAAB04B26}
		{07B11C98-D659-4717-8D05-B53D0DE8D63E} = {145C775C-447B-40DB-A952-A55AAAB04B26}
		{6B0862B5-F3D8-4B22-ACEC-285B2DC87445} = {145C775C-447B-40DB-A952-A55AAAB04B26}
		{0346874D-135B-42FE-8E2E-2935D07F0963} = {D039955F-B916-4CD6-94CF-0F366B52E067}
		{383D13DB-183C-4469-9D73-41CF6628F9C5} = {2BC81240-4E14-4CFD-B496-92D40A42C00D}
		{22FF2499-E5A5-46BC-8838-D35CCC85B9B3} = {2BC81240-4E14-4CFD-B496-92D40A42C00D}
		{1C87CB19-228B-4328-B985-41C7A451F7F6} = {AB1A0478-CC32-4075-97E8-E14C3467B99D}
		{C0AEC147-8851-4174-ADF7-F2FA0CD7130B} = {383D13DB-183C-4469-9D73-41CF6628F9C5}
		{F3D7C86B-49AE-4E5B-B332-3D919698DA59} = {22FF2499-E5A5-46BC-8838-D35CCC85B9B3}
		{BE94BE24-192E-4A73-8571-7DE40B5A375A} = {145C775C-447B-40DB-A952-A55AAAB04B26}
		{892268E9-C609-4650-8562-F944CD0B1A59} = {145C775C-447B-40DB-A952-A55AAAB04B26}
		{3C641F1E-72B4-4E9C-BBEF-98C5CFDCAE85} = {1C87CB19-228B-4328-B985-41C7A451F7F6}
		{36EFC0F9-620A-441E-97F1-A6B8D71A5652} = {3C641F1E-72B4-4E9C-BBEF-98C5CFDCAE85}
		{7FD2169B-6CE6-43E2-8284-8F7C548F1EE6} = {541DCF22-2539-442D-B601-7BBC9670D3E5}
		{87417525-5FED-4261-8F85-1D5623F17B27} = {7FD2169B-6CE6-43E2-8284-8F7C548F1EE6}
		{BE265F93-1C28-4048-94E6-97A67BB36FDA} = {4035C630-AFFB-4FEF-9ED1-E0E38E9FEDBD}
		{51EAAC37-9D9E-439F-91D6-BE9AEFA91158} = {BE265F93-1C28-4048-94E6-97A67BB36FDA}
		{700F03A0-38EE-46B5-B9DB-55A4B2D73B82} = {51EAAC37-9D9E-439F-91D6-BE9AEFA91158}
		{DB151561-71EE-464D-9FFA-E0D512F6810C} = {C9740439-DCCD-4A9F-BE37-7D30B6CA7E22}
		{71C52384-42AD-412A-98BE-40450D3BFEAB} = {07B11C98-D659-4717-8D05-B53D0DE8D63E}
		{48057CEA-FE7B-413B-861C-F56FB3C064D0} = {6B0862B5-F3D8-4B22-ACEC-285B2DC87445}
		{1F263DD0-8271-43E7-B0F6-949BC5551E8D} = {48057CEA-FE7B-413B-861C-F56FB3C064D0}
		{BF6C2CFB-E486-40F2-8B08-3D57588C1584} = {AB862E8B-BA56-474F-BA8A-1D7DA54DA18D}
		{13CC94D9-C400-421A-832A-4B13001D4318} = {AB862E8B-BA56-474F-BA8A-1D7DA54DA18D}
		{F0AD0862-0E95-43F4-9BB6-3E8AE29204D3} = {145C775C-447B-40DB-A952-A55AAAB04B26}
		{09B32679-58CB-4EE3-9306-67F7344C6B12} = {C9740439-DCCD-4A9F-BE37-7D30B6CA7E22}
		{B478F08B-3A9C-4AB2-AEFD-D83D9A8BA397} = {C9740439-DCCD-4A9F-BE37-7D30B6CA7E22}
		{DEF7B184-28C7-48A3-8C0A-9AB7C8B43905} = {C9740439-DCCD-4A9F-BE37-7D30B6CA7E22}
		{81116863-66AB-4794-97E6-7573F271F434} = {C9740439-DCCD-4A9F-BE37-7D30B6CA7E22}
		{C6532255-76C1-47A2-BA42-C490B4024E0F} = {C9740439-DCCD-4A9F-BE37-7D30B6CA7E22}
		{C8459120-16B8-44FA-BCDE-465CC33113BF} = {6B0862B5-F3D8-4B22-ACEC-285B2DC87445}
		{983F36E6-8FED-4BBF-9932-8765E9AB21E2} = {6B0862B5-F3D8-4B22-ACEC-285B2DC87445}
		{27385E25-42C5-4A7C-8D8B-291B3881F00C} = {6B0862B5-F3D8-4B22-ACEC-285B2DC87445}
		{A792CF3A-2152-45E9-85C6-ACE93FAA48FA} = {6B0862B5-F3D8-4B22-ACEC-285B2DC87445}
		{AB1A0478-CC32-4075-97E8-E14C3467B99D} = {0346874D-135B-42FE-8E2E-2935D07F0963}
		{917328CE-38A3-4338-A7AE-EA3FBA2A406C} = {0346874D-135B-42FE-8E2E-2935D07F0963}
		{1F22FA11-C8CD-474A-8563-D28F3447172C} = {0346874D-135B-42FE-8E2E-2935D07F0963}
		{C21EDF24-9309-45E0-A31E-4DA8B6A78183} = {0346874D-135B-42FE-8E2E-2935D07F0963}
		{7D01FD9E-E53A-4BD7-867E-BF93A3A98D80} = {0346874D-135B-42FE-8E2E-2935D07F0963}
		{CBB7B863-9213-45F7-8F77-067F5F31D936} = {AB1A0478-CC32-4075-97E8-E14C3467B99D}
		{5249B398-4B2D-421B-AC51-5B0C24E5C9C4} = {AB1A0478-CC32-4075-97E8-E14C3467B99D}
		{2A31BB12-AA52-45CF-AC6C-1D6F42BA5CD4} = {AB1A0478-CC32-4075-97E8-E14C3467B99D}
		{3EBED43A-9AFE-4C23-BA31-E3FC26048DDC} = {AB1A0478-CC32-4075-97E8-E14C3467B99D}
		{32A57114-12E3-4B26-A093-264344BA224C} = {AB1A0478-CC32-4075-97E8-E14C3467B99D}
		{B43A6FF8-9B27-4310-8E84-454A16E49229} = {8AFA4D11-125A-40CD-8DAB-499B119927E5}
		{5ECC182F-5E24-4757-93DB-C46971F7E1CC} = {AB862E8B-BA56-474F-BA8A-1D7DA54DA18D}
		{683785B9-963E-4B9D-A68E-BA028B862FC7} = {634A06F7-31E6-401A-9655-B06ECBFF058C}
		{2DC0B8F4-6F08-4C4D-B2BD-36C48EF8198E} = {B1A46779-FAA3-4F57-A763-043F58D25956}
		{10253D91-39B8-41AF-9767-4E668165C3EA} = {8AFA4D11-125A-40CD-8DAB-499B119927E5}
		{62150E8B-71B5-4052-8F80-1B6B3F0A8752} = {8AFA4D11-125A-40CD-8DAB-499B119927E5}
		{9CC701FB-67DA-4E03-B9CF-8CDA29C7E060} = {A3941AA4-36E0-4456-AEBB-26A40499B2F5}
	EndGlobalSection
	GlobalSection(ExtensibilityGlobals) = postSolution
		SolutionGuid = {89780DB1-FC4B-4D5A-905D-936E0F708E0D}
	EndGlobalSection
EndGlobal
